
Microsoft Visual Studio Solution File, Format Version 12.00
# Visual Studio Version 16
VisualStudioVersion = 16.0.30413.136
MinimumVisualStudioVersion = 10.0.40219.1
Project("{FAE04EC0-301F-11D3-BF4B-00C04F79EFBC}") = "FortniteChecker", "FortniteChecker\FortniteChecker.csproj", "{72E99DCB-3891-46C5-991E-EBA0E1CAEAF9}"
EndProject
Global
	GlobalSection(SolutionConfigurationPlatforms) = preSolution
		Debug|Any CPU = Debug|Any CPU
		Release|Any CPU = Release|Any CPU
	EndGlobalSection
	GlobalSection(ProjectConfigurationPlatforms) = postSolution
		{72E99DCB-3891-46C5-991E-EBA0E1CAEAF9}.Debug|Any CPU.ActiveCfg = Debug|Any CPU
		{72E99DCB-3891-46C5-991E-EBA0E1CAEAF9}.Debug|Any CPU.Build.0 = Debug|Any CPU
		{72E99DCB-3891-46C5-991E-EBA0E1CAEAF9}.Release|Any CPU.ActiveCfg = Release|Any CPU
		{72E99DCB-3891-46C5-991E-EBA0E1CAEAF9}.Release|Any CPU.Build.0 = Release|Any CPU
	EndGlobalSection
	GlobalSection(SolutionProperties) = preSolution
		HideSolutionNode = FALSE
	EndGlobalSection
	GlobalSection(ExtensibilityGlobals) = postSolution
		SolutionGuid = {583D4041-1DEB-4942-B7C6-50C67A2979D6}
	EndGlobalSection
EndGlobal
